// !$*UTF8*$!
{
	archiveVersion = 1;
	classes = {
	};
	objectVersion = 55;
	objects = {

/* Begin PBXBuildFile section */
		57AEAC2F282B564300589F60 /* AppDelegate.m in Sources */ = {isa = PBXBuildFile; fileRef = 57AEAC2E282B564300589F60 /* AppDelegate.m */; };
		57AEAC32282B564300589F60 /* SceneDelegate.m in Sources */ = {isa = PBXBuildFile; fileRef = 57AEAC31282B564300589F60 /* SceneDelegate.m */; };
		57AEAC35282B564300589F60 /* ViewController.m in Sources */ = {isa = PBXBuildFile; fileRef = 57AEAC34282B564300589F60 /* ViewController.m */; };
		57AEAC38282B564300589F60 /* Main.storyboard in Resources */ = {isa = PBXBuildFile; fileRef = 57AEAC36282B564300589F60 /* Main.storyboard */; };
		57AEAC3A282B564600589F60 /* Assets.xcassets in Resources */ = {isa = PBXBuildFile; fileRef = 57AEAC39282B564600589F60 /* Assets.xcassets */; };
		57AEAC3D282B564600589F60 /* LaunchScreen.storyboard in Resources */ = {isa = PBXBuildFile; fileRef = 57AEAC3B282B564600589F60 /* LaunchScreen.storyboard */; };
		57AEAC40282B564600589F60 /* main.m in Sources */ = {isa = PBXBuildFile; fileRef = 57AEAC3F282B564600589F60 /* main.m */; };
/* End PBXBuildFile section */

/* Begin PBXFileReference section */
		57AEAC2A282B564300589F60 /* chapter7.app */ = {isa = PBXFileReference; explicitFileType = wrapper.application; includeInIndex = 0; path = chapter7.app; sourceTree = BUILT_PRODUCTS_DIR; };
		57AEAC2D282B564300589F60 /* AppDelegate.h */ = {isa = PBXFileReference; lastKnownFileType = sourcecode.c.h; path = AppDelegate.h; sourceTree = "<group>"; };
		57AEAC2E282B564300589F60 /* AppDelegate.m */ = {isa = PBXFileReference; lastKnownFileType = sourcecode.c.objc; path = AppDelegate.m; sourceTree = "<group>"; };
		57AEAC30282B564300589F60 /* SceneDelegate.h */ = {isa = PBXFileReference; lastKnownFileType = sourcecode.c.h; path = SceneDelegate.h; sourceTree = "<group>"; };
		57AEAC31282B564300589F60 /* SceneDelegate.m */ = {isa = PBXFileReference; lastKnownFileType = sourcecode.c.objc; path = SceneDelegate.m; sourceTree = "<group>"; };
		57AEAC33282B564300589F60 /* ViewController.h */ = {isa = PBXFileReference; lastKnownFileType = sourcecode.c.h; path = ViewController.h; sourceTree = "<group>"; };
		57AEAC34282B564300589F60 /* ViewController.m */ = {isa = PBXFileReference; lastKnownFileType = sourcecode.c.objc; path = ViewController.m; sourceTree = "<group>"; };
		57AEAC37282B564300589F60 /* Base */ = {isa = PBXFileReference; lastKnownFileType = file.storyboard; name = Base; path = Base.lproj/Main.storyboard; sourceTree = "<group>"; };
		57AEAC39282B564600589F60 /* Assets.xcassets */ = {isa = PBXFileReference; lastKnownFileType = folder.assetcatalog; path = Assets.xcassets; sourceTree = "<group>"; };
		57AEAC3C282B564600589F60 /* Base */ = {isa = PBXFileReference; lastKnownFileType = file.storyboard; name = Base; path = Base.lproj/LaunchScreen.storyboard; sourceTree = "<group>"; };
		57AEAC3E282B564600589F60 /* Info.plist */ = {isa = PBXFileReference; lastKnownFileType = text.plist.xml; path = Info.plist; sourceTree = "<group>"; };
		57AEAC3F282B564600589F60 /* main.m */ = {isa = PBXFileReference; lastKnownFileType = sourcecode.c.objc; path = main.m; sourceTree = "<group>"; };
/* End PBXFileReference section */

/* Begin PBXFrameworksBuildPhase section */
		57AEAC27282B564300589F60 /* Frameworks */ = {
			isa = PBXFrameworksBuildPhase;
			buildActionMask = 2147483647;
			files = (
			);
			runOnlyForDeploymentPostprocessing = 0;
		};
/* End PBXFrameworksBuildPhase section */

/* Begin PBXGroup section */
		57AEAC21282B564300589F60 = {
			isa = PBXGroup;
			children = (
				57AEAC2C282B564300589F60 /* chapter7 */,
				57AEAC2B282B564300589F60 /* Products */,
			);
			sourceTree = "<group>";
		};
		57AEAC2B282B564300589F60 /* Products */ = {
			isa = PBXGroup;
			children = (
				57AEAC2A282B564300589F60 /* chapter7.app */,
			);
			name = Products;
			sourceTree = "<group>";
		};
		57AEAC2C282B564300589F60 /* chapter7 */ = {
			isa = PBXGroup;
			children = (
				57AEAC2D282B564300589F60 /* AppDelegate.h */,
				57AEAC2E282B564300589F60 /* AppDelegate.m */,
				57AEAC30282B564300589F60 /* SceneDelegate.h */,
				57AEAC31282B564300589F60 /* SceneDelegate.m */,
				57AEAC33282B564300589F60 /* ViewController.h */,
				57AEAC34282B564300589F60 /* ViewController.m */,
				57AEAC36282B564300589F60 /* Main.storyboard */,
				57AEAC39282B564600589F60 /* Assets.xcassets */,
				57AEAC3B282B564600589F60 /* LaunchScreen.storyboard */,
				57AEAC3E282B564600589F60 /* Info.plist */,
				57AEAC3F282B564600589F60 /* main.m */,
			);
			path = chapter7;
			sourceTree = "<group>";
		};
/* End PBXGroup section */

/* Begin PBXNativeTarget section */
		57AEAC29282B564300589F60 /* chapter7 */ = {
			isa = PBXNativeTarget;
			buildConfigurationList = 57AEAC43282B564600589F60 /* Build configuration list for PBXNativeTarget "chapter7" */;
			buildPhases = (
				57AEAC26282B564300589F60 /* Sources */,
				57AEAC27282B564300589F60 /* Frameworks */,
				57AEAC28282B564300589F60 /* Resources */,
			);
			buildRules = (
			);
			dependencies = (
			);
			name = chapter7;
			productName = chapter5;
			productReference = 57AEAC2A282B564300589F60 /* chapter7.app */;
			productType = "com.apple.product-type.application";
		};
/* End PBXNativeTarget section */

/* Begin PBXProject section */
		57AEAC22282B564300589F60 /* Project object */ = {
			isa = PBXProject;
			attributes = {
				BuildIndependentTargetsInParallel = 1;
				LastUpgradeCheck = 1300;
				TargetAttributes = {
					57AEAC29282B564300589F60 = {
						CreatedOnToolsVersion = 13.0;
					};
				};
			};
			buildConfigurationList = 57AEAC25282B564300589F60 /* Build configuration list for PBXProject "chapter7" */;
			compatibilityVersion = "Xcode 13.0";
			developmentRegion = en;
			hasScannedForEncodings = 0;
			knownRegions = (
				en,
				Base,
			);
			mainGroup = 57AEAC21282B564300589F60;
			productRefGroup = 57AEAC2B282B564300589F60 /* Products */;
			projectDirPath = "";
			projectRoot = "";
			targets = (
				57AEAC29282B564300589F60 /* chapter7 */,
			);
		};
/* End PBXProject section */

/* Begin PBXResourcesBuildPhase section */
		57AEAC28282B564300589F60 /* Resources */ = {
			isa = PBXResourcesBuildPhase;
			buildActionMask = 2147483647;
			files = (
				57AEAC3D282B564600589F60 /* LaunchScreen.storyboard in Resources */,
				57AEAC3A282B564600589F60 /* Assets.xcassets in Resources */,
				57AEAC38282B564300589F60 /* Main.storyboard in Resources */,
			);
			runOnlyForDeploymentPostprocessing = 0;
		};
/* End PBXResourcesBuildPhase section */

/* Begin PBXSourcesBuildPhase section */
		57AEAC26282B564300589F60 /* Sources */ = {
			isa = PBXSourcesBuildPhase;
			buildActionMask = 2147483647;
			files = (
				57AEAC35282B564300589F60 /* ViewController.m in Sources */,
				57AEAC2F282B564300589F60 /* AppDelegate.m in Sources */,
				57AEAC40282B564600589F60 /* main.m in Sources */,
				57AEAC32282B564300589F60 /* SceneDelegate.m in Sources */,
			);
			runOnlyForDeploymentPostprocessing = 0;
		};
/* End PBXSourcesBuildPhase section */

/* Begin PBXVariantGroup section */
		57AEAC36282B564300589F60 /* Main.storyboard */ = {
			isa = PBXVariantGroup;
			children = (
				57AEAC37282B564300589F60 /* Base */,
			);
			name = Main.storyboard;
			sourceTree = "<group>";
		};
		57AEAC3B282B564600589F60 /* LaunchScreen.storyboard */ = {
			isa = PBXVariantGroup;
			children = (
				57AEAC3C282B564600589F60 /* Base */,
			);
			name = LaunchScreen.storyboard;
			sourceTree = "<group>";
		};
/* End PBXVariantGroup section */

/* Begin XCBuildConfiguration section */
		57AEAC41282B564600589F60 /* Debug */ = {
			isa = XCBuildConfiguration;
			buildSettings = {
				ALWAYS_SEARCH_USER_PATHS = NO;
				CLANG_ANALYZER_NONNULL = YES;
				CLANG_ANALYZER_NUMBER_OBJECT_CONVERSION = YES_AGGRESSIVE;
				CLANG_CXX_LANGUAGE_STANDARD = "gnu++17";
				CLANG_CXX_LIBRARY = "libc++";
				CLANG_ENABLE_MODULES = YES;
				CLANG_ENABLE_OBJC_ARC = YES;
				CLANG_ENABLE_OBJC_WEAK = YES;
				CLANG_WARN_BLOCK_CAPTURE_AUTORELEASING = YES;
				CLANG_WARN_BOOL_CONVERSION = YES;
				CLANG_WARN_COMMA = YES;
				CLANG_WARN_CONSTANT_CONVERSION = YES;
				CLANG_WARN_DEPRECATED_OBJC_IMPLEMENTATIONS = YES;
				CLANG_WARN_DIRECT_OBJC_ISA_USAGE = YES_ERROR;
				CLANG_WARN_DOCUMENTATION_COMMENTS = YES;
				CLANG_WARN_EMPTY_BODY = YES;
				CLANG_WARN_ENUM_CONVERSION = YES;
				CLANG_WARN_INFINITE_RECURSION = YES;
				CLANG_WARN_INT_CONVERSION = YES;
				CLANG_WARN_NON_LITERAL_NULL_CONVERSION = YES;
				CLANG_WARN_OBJC_IMPLICIT_RETAIN_SELF = YES;
				CLANG_WARN_OBJC_LITERAL_CONVERSION = YES;
				CLANG_WARN_OBJC_ROOT_CLASS = YES_ERROR;
				CLANG_WARN_QUOTED_INCLUDE_IN_FRAMEWORK_HEADER = YES;
				CLANG_WARN_RANGE_LOOP_ANALYSIS = YES;
				CLANG_WARN_STRICT_PROTOTYPES = YES;
				CLANG_WARN_SUSPICIOUS_MOVE = YES;
				CLANG_WARN_UNGUARDED_AVAILABILITY = YES_AGGRESSIVE;
				CLANG_WARN_UNREACHABLE_CODE = YES;
				CLANG_WARN__DUPLICATE_METHOD_MATCH = YES;
				COPY_PHASE_STRIP = NO;
				DEBUG_INFORMATION_FORMAT = dwarf;
				ENABLE_STRICT_OBJC_MSGSEND = YES;
				ENABLE_TESTABILITY = YES;
				GCC_C_LANGUAGE_STANDARD = gnu11;
				GCC_DYNAMIC_NO_PIC = NO;
				GCC_NO_COMMON_BLOCKS = YES;
				GCC_OPTIMIZATION_LEVEL = 0;
				GCC_PREPROCESSOR_DEFINITIONS = (
					"DEBUG=1",
					"$(inherited)",
				);
				GCC_WARN_64_TO_32_BIT_CONVERSION = YES;
				GCC_WARN_ABOUT_RETURN_TYPE = YES_ERROR;
				GCC_WARN_UNDECLARED_SELECTOR = YES;
				GCC_WARN_UNINITIALIZED_AUTOS = YES_AGGRESSIVE;
				GCC_WARN_UNUSED_FUNCTION = YES;
				GCC_WARN_UNUSED_VARIABLE = YES;
				IPHONEOS_DEPLOYMENT_TARGET = 15.0;
				MTL_ENABLE_DEBUG_INFO = INCLUDE_SOURCE;
				MTL_FAST_MATH = YES;
				ONLY_ACTIVE_ARCH = YES;
				SDKROOT = iphoneos;
			};
			name = Debug;
		};
		57AEAC42282B564600589F60 /* Release */ = {
			isa = XCBuildConfiguration;
			buildSettings = {
				ALWAYS_SEARCH_USER_PATHS = NO;
				CLANG_ANALYZER_NONNULL = YES;
				CLANG_ANALYZER_NUMBER_OBJECT_CONVERSION = YES_AGGRESSIVE;
				CLANG_CXX_LANGUAGE_STANDARD = "gnu++17";
				CLANG_CXX_LIBRARY = "libc++";
				CLANG_ENABLE_MODULES = YES;
				CLANG_ENABLE_OBJC_ARC = YES;
				CLANG_ENABLE_OBJC_WEAK = YES;
				CLANG_WARN_BLOCK_CAPTURE_AUTORELEASING = YES;
				CLANG_WARN_BOOL_CONVERSION = YES;
				CLANG_WARN_COMMA = YES;
				CLANG_WARN_CONSTANT_CONVERSION = YES;
				CLANG_WARN_DEPRECATED_OBJC_IMPLEMENTATIONS = YES;
				CLANG_WARN_DIRECT_OBJC_ISA_USAGE = YES_ERROR;
				CLANG_WARN_DOCUMENTATION_COMMENTS = YES;
				CLANG_WARN_EMPTY_BODY = YES;
				CLANG_WARN_ENUM_CONVERSION = YES;
				CLANG_WARN_INFINITE_RECURSION = YES;
				CLANG_WARN_INT_CONVERSION = YES;
				CLANG_WARN_NON_LITERAL_NULL_CONVERSION = YES;
				CLANG_WARN_OBJC_IMPLICIT_RETAIN_SELF = YES;
				CLANG_WARN_OBJC_LITERAL_CONVERSION = YES;
				CLANG_WARN_OBJC_ROOT_CLASS = YES_ERROR;
				CLANG_WARN_QUOTED_INCLUDE_IN_FRAMEWORK_HEADER = YES;
				CLANG_WARN_RANGE_LOOP_ANALYSIS = YES;
				CLANG_WARN_STRICT_PROTOTYPES = YES;
				CLANG_WARN_SUSPICIOUS_MOVE = YES;
				CLANG_WARN_UNGUARDED_AVAILABILITY = YES_AGGRESSIVE;
				CLANG_WARN_UNREACHABLE_CODE = YES;
				CLANG_WARN__DUPLICATE_METHOD_MATCH = YES;
				COPY_PHASE_STRIP = NO;
				DEBUG_INFORMATION_FORMAT = "dwarf-with-dsym";
				ENABLE_NS_ASSERTIONS = NO;
				ENABLE_STRICT_OBJC_MSGSEND = YES;
				GCC_C_LANGUAGE_STANDARD = gnu11;
				GCC_NO_COMMON_BLOCKS = YES;
				GCC_WARN_64_TO_32_BIT_CONVERSION = YES;
				GCC_WARN_ABOUT_RETURN_TYPE = YES_ERROR;
				GCC_WARN_UNDECLARED_SELECTOR = YES;
				GCC_WARN_UNINITIALIZED_AUTOS = YES_AGGRESSIVE;
				GCC_WARN_UNUSED_FUNCTION = YES;
				GCC_WARN_UNUSED_VARIABLE = YES;
				IPHONEOS_DEPLOYMENT_TARGET = 15.0;
				MTL_ENABLE_DEBUG_INFO = NO;
				MTL_FAST_MATH = YES;
				SDKROOT = iphoneos;
				VALIDATE_PRODUCT = YES;
			};
			name = Release;
		};
		57AEAC44282B564600589F60 /* Debug */ = {
			isa = XCBuildConfiguration;
			buildSettings = {
				ASSETCATALOG_COMPILER_APPICON_NAME = AppIcon;
				ASSETCATALOG_COMPILER_GLOBAL_ACCENT_COLOR_NAME = AccentColor;
				CODE_SIGN_STYLE = Automatic;
				CURRENT_PROJECT_VERSION = 1;
				DEVELOPMENT_TEAM = SS65L357P2;
				GENERATE_INFOPLIST_FILE = YES;
				INFOPLIST_FILE = chapter7/Info.plist;
				INFOPLIST_KEY_UIApplicationSupportsIndirectInputEvents = YES;
				INFOPLIST_KEY_UILaunchStoryboardName = LaunchScreen;
				INFOPLIST_KEY_UIMainStoryboardFile = Main;
				INFOPLIST_KEY_UISupportedInterfaceOrientations_iPad = "UIInterfaceOrientationPortrait UIInterfaceOrientationPortraitUpsideDown UIInterfaceOrientationLandscapeLeft UIInterfaceOrientationLandscapeRight";
				INFOPLIST_KEY_UISupportedInterfaceOrientations_iPhone = "UIInterfaceOrientationPortrait UIInterfaceOrientationLandscapeLeft UIInterfaceOrientationLandscapeRight";
				LD_RUNPATH_SEARCH_PATHS = (
					"$(inherited)",
					"@executable_path/Frameworks",
				);
				MARKETING_VERSION = 1.0;
				PRODUCT_BUNDLE_IDENTIFIER = demo.test.aowSwif.chapter7;
				PRODUCT_NAME = "$(TARGET_NAME)";
				SWIFT_EMIT_LOC_STRINGS = YES;
				TARGETED_DEVICE_FAMILY = "1,2";
			};
			name = Debug;
		};
		57AEAC45282B564600589F60 /* Release */ = {
			isa = XCBuildConfiguration;
			buildSettings = {
				ASSETCATALOG_COMPILER_APPICON_NAME = AppIcon;
				ASSETCATALOG_COMPILER_GLOBAL_ACCENT_COLOR_NAME = AccentColor;
				CODE_SIGN_STYLE = Automatic;
				CURRENT_PROJECT_VERSION = 1;
				DEVELOPMENT_TEAM = SS65L357P2;
				GENERATE_INFOPLIST_FILE = YES;
				INFOPLIST_FILE = chapter7/Info.plist;
				INFOPLIST_KEY_UIApplicationSupportsIndirectInputEvents = YES;
				INFOPLIST_KEY_UILaunchStoryboardName = LaunchScreen;
				INFOPLIST_KEY_UIMainStoryboardFile = Main;
				INFOPLIST_KEY_UISupportedInterfaceOrientations_iPad = "UIInterfaceOrientationPortrait UIInterfaceOrientationPortraitUpsideDown UIInterfaceOrientationLandscapeLeft UIInterfaceOrientationLandscapeRight";
				INFOPLIST_KEY_UISupportedInterfaceOrientations_iPhone = "UIInterfaceOrientationPortrait UIInterfaceOrientationLandscapeLeft UIInterfaceOrientationLandscapeRight";
				LD_RUNPATH_SEARCH_PATHS = (
					"$(inherited)",
					"@executable_path/Frameworks",
				);
				MARKETING_VERSION = 1.0;
				PRODUCT_BUNDLE_IDENTIFIER = demo.test.aowSwif.chapter7;
				PRODUCT_NAME = "$(TARGET_NAME)";
				SWIFT_EMIT_LOC_STRINGS = YES;
				TARGETED_DEVICE_FAMILY = "1,2";
			};
			name = Release;
		};
/* End XCBuildConfiguration section */

/* Begin XCConfigurationList section */
		57AEAC25282B564300589F60 /* Build configuration list for PBXProject "chapter7" */ = {
			isa = XCConfigurationList;
			buildConfigurations = (
				57AEAC41282B564600589F60 /* Debug */,
				57AEAC42282B564600589F60 /* Release */,
			);
			defaultConfigurationIsVisible = 0;
			defaultConfigurationName = Release;
		};
		57AEAC43282B564600589F60 /* Build configuration list for PBXNativeTarget "chapter7" */ = {
			isa = XCConfigurationList;
			buildConfigurations = (
				57AEAC44282B564600589F60 /* Debug */,
				57AEAC45282B564600589F60 /* Release */,
			);
			defaultConfigurationIsVisible = 0;
			defaultConfigurationName = Release;
		};
/* End XCConfigurationList section */
	};
	rootObject = 57AEAC22282B564300589F60 /* Project object */;
}
